
Microsoft Visual Studio Solution File, Format Version 12.00
# Visual Studio Version 16
VisualStudioVersion = 16.0.31911.196
MinimumVisualStudioVersion = 10.0.40219.1
Project("{FAE04EC0-301F-11D3-BF4B-00C04F79EFBC}") = "FizzBuzzMVC", "FizzBuzzMVC\FizzBuzzMVC.csproj", "{630273F1-F53C-490C-A7B4-B5BD2A150288}"
EndProject
Global
	GlobalSection(SolutionConfigurationPlatforms) = preSolution
		Debug|Any CPU = Debug|Any CPU
		Release|Any CPU = Release|Any CPU
	EndGlobalSection
	GlobalSection(ProjectConfigurationPlatforms) = postSolution
		{630273F1-F53C-490C-A7B4-B5BD2A150288}.Debug|Any CPU.ActiveCfg = Debug|Any CPU
		{630273F1-F53C-490C-A7B4-B5BD2A150288}.Debug|Any CPU.Build.0 = Debug|Any CPU
		{630273F1-F53C-490C-A7B4-B5BD2A150288}.Release|Any CPU.ActiveCfg = Release|Any CPU
		{630273F1-F53C-490C-A7B4-B5BD2A150288}.Release|Any CPU.Build.0 = Release|Any CPU
	EndGlobalSection
	GlobalSection(SolutionProperties) = preSolution
		HideSolutionNode = FALSE
	EndGlobalSection
	GlobalSection(ExtensibilityGlobals) = postSolution
		SolutionGuid = {5E5BF05C-CD15-4BA2-8CD9-67F2FB2BAF8A}
	EndGlobalSection
EndGlobal
